
Microsoft Visual Studio Solution File, Format Version 12.00
# Visual Studio Version 17
VisualStudioVersion = 17.0.31919.166
MinimumVisualStudioVersion = 10.0.40219.1
Project("{FAE04EC0-301F-11D3-BF4B-00C04F79EFBC}") = "ConsoleApp2", "ConsoleApp2\ConsoleApp2.csproj", "{CE6E56CD-03F6-497B-98F5-2D99E90B088A}"
EndProject
Global
	GlobalSection(SolutionConfigurationPlatforms) = preSolution
		Debug|Any CPU = Debug|Any CPU
		Release|Any CPU = Release|Any CPU
	EndGlobalSection
	GlobalSection(ProjectConfigurationPlatforms) = postSolution
		{CE6E56CD-03F6-497B-98F5-2D99E90B088A}.Debug|Any CPU.ActiveCfg = Debug|Any CPU
		{CE6E56CD-03F6-497B-98F5-2D99E90B088A}.Debug|Any CPU.Build.0 = Debug|Any CPU
		{CE6E56CD-03F6-497B-98F5-2D99E90B088A}.Release|Any CPU.ActiveCfg = Release|Any CPU
		{CE6E56CD-03F6-497B-98F5-2D99E90B088A}.Release|Any CPU.Build.0 = Release|Any CPU
	EndGlobalSection
	GlobalSection(SolutionProperties) = preSolution
		HideSolutionNode = FALSE
	EndGlobalSection
	GlobalSection(ExtensibilityGlobals) = postSolution
		SolutionGuid = {8D75A894-F370-4734-9864-961F6B1C4886}
	EndGlobalSection
EndGlobal
